# This file is automatically @generated by Cargo.
# It is not intended for manual editing.
[[package]]
name = "arrayvec"
version = "0.5.1"
source = "registry+https://github.com/rust-lang/crates.io-index"

[[package]]
name = "bitflags"
version = "1.2.1"
source = "registry+https://github.com/rust-lang/crates.io-index"

[[package]]
name = "ferroboy"
version = "0.1.0"
dependencies = [
 "arrayvec 0.5.1 (registry+https://github.com/rust-lang/crates.io-index)",
 "bitflags 1.2.1 (registry+https://github.com/rust-lang/crates.io-index)",
 "once_cell 1.4.0 (registry+https://github.com/rust-lang/crates.io-index)",
 "pico-args 0.3.3 (registry+https://github.com/rust-lang/crates.io-index)",
]

[[package]]
name = "ferroboy-core"
version = "0.1.0"
dependencies = [
 "ferroboy 0.1.0",
 "lazy_static 1.4.0 (registry+https://github.com/rust-lang/crates.io-index)",
 "libretro-backend 0.2.1 (registry+https://github.com/rust-lang/crates.io-index)",
]

[[package]]
name = "ferroboy-dasm"
version = "0.1.0"
dependencies = [
 "ferroboy 0.1.0",
 "pico-args 0.3.3 (registry+https://github.com/rust-lang/crates.io-index)",
]

[[package]]
name = "lazy_static"
version = "1.4.0"
source = "registry+https://github.com/rust-lang/crates.io-index"

[[package]]
name = "libc"
version = "0.2.66"
source = "registry+https://github.com/rust-lang/crates.io-index"

[[package]]
name = "libretro-backend"
version = "0.2.1"
source = "registry+https://github.com/rust-lang/crates.io-index"
dependencies = [
 "libc 0.2.66 (registry+https://github.com/rust-lang/crates.io-index)",
 "libretro-sys 0.1.1 (registry+https://github.com/rust-lang/crates.io-index)",
]

[[package]]
name = "libretro-sys"
version = "0.1.1"
source = "registry+https://github.com/rust-lang/crates.io-index"
dependencies = [
 "libc 0.2.66 (registry+https://github.com/rust-lang/crates.io-index)",
]

[[package]]
name = "once_cell"
version = "1.4.0"
source = "registry+https://github.com/rust-lang/crates.io-index"

[[package]]
name = "pico-args"
version = "0.3.3"
source = "registry+https://github.com/rust-lang/crates.io-index"

[metadata]
"checksum arrayvec 0.5.1 (registry+https://github.com/rust-lang/crates.io-index)" = "cff77d8686867eceff3105329d4698d96c2391c176d5d03adc90c7389162b5b8"
"checksum bitflags 1.2.1 (registry+https://github.com/rust-lang/crates.io-index)" = "cf1de2fe8c75bc145a2f577add951f8134889b4795d47466a54a5c846d691693"
"checksum lazy_static 1.4.0 (registry+https://github.com/rust-lang/crates.io-index)" = "e2abad23fbc42b3700f2f279844dc832adb2b2eb069b2df918f455c4e18cc646"
"checksum libc 0.2.66 (registry+https://github.com/rust-lang/crates.io-index)" = "d515b1f41455adea1313a4a2ac8a8a477634fbae63cc6100e3aebb207ce61558"
"checksum libretro-backend 0.2.1 (registry+https://github.com/rust-lang/crates.io-index)" = "667a71a6fdeec429bd88023eb7cc7b51264881b0cf9835431482a7c2f6e85d6e"
"checksum libretro-sys 0.1.1 (registry+https://github.com/rust-lang/crates.io-index)" = "207b060b02cecbcee6df3d0f5ed38691d5c4df1379dd1acd5c49c9b25d20b439"
"checksum once_cell 1.4.0 (registry+https://github.com/rust-lang/crates.io-index)" = "0b631f7e854af39a1739f401cf34a8a013dfe09eac4fa4dba91e9768bd28168d"
"checksum pico-args 0.3.3 (registry+https://github.com/rust-lang/crates.io-index)" = "1b1eee8b1f4966c8343d7ca0f5a8452cd35d5610a2e0efbe2a68cae44bef2046"
